
Microsoft Visual Studio Solution File, Format Version 12.00
# Visual Studio 2012
Project("{FAE04EC0-301F-11D3-BF4B-00C04F79EFBC}") = "Transcoder", "Json\Transcoder.csproj", "{7AEC7920-66DD-4B29-A928-A73C936BD67C}"
EndProject
Project("{FAE04EC0-301F-11D3-BF4B-00C04F79EFBC}") = "UnitTests", "UnitTests\UnitTests.csproj", "{B4E038D4-03DB-4EAC-8FAB-45EFCC157F5A}"
EndProject
Global
	GlobalSection(SolutionConfigurationPlatforms) = preSolution
		Debug|Any CPU = Debug|Any CPU
		Release|Any CPU = Release|Any CPU
	EndGlobalSection
	GlobalSection(ProjectConfigurationPlatforms) = postSolution
		{7AEC7920-66DD-4B29-A928-A73C936BD67C}.Debug|Any CPU.ActiveCfg = Debug|Any CPU
		{7AEC7920-66DD-4B29-A928-A73C936BD67C}.Debug|Any CPU.Build.0 = Debug|Any CPU
		{7AEC7920-66DD-4B29-A928-A73C936BD67C}.Release|Any CPU.ActiveCfg = Release|Any CPU
		{7AEC7920-66DD-4B29-A928-A73C936BD67C}.Release|Any CPU.Build.0 = Release|Any CPU
		{B4E038D4-03DB-4EAC-8FAB-45EFCC157F5A}.Debug|Any CPU.ActiveCfg = Debug|Any CPU
		{B4E038D4-03DB-4EAC-8FAB-45EFCC157F5A}.Debug|Any CPU.Build.0 = Debug|Any CPU
		{B4E038D4-03DB-4EAC-8FAB-45EFCC157F5A}.Release|Any CPU.ActiveCfg = Release|Any CPU
		{B4E038D4-03DB-4EAC-8FAB-45EFCC157F5A}.Release|Any CPU.Build.0 = Release|Any CPU
	EndGlobalSection
	GlobalSection(SolutionProperties) = preSolution
		HideSolutionNode = FALSE
	EndGlobalSection
EndGlobal
